
Microsoft Visual Studio Solution File, Format Version 12.00
# Visual Studio Version 17
VisualStudioVersion = 17.6.33723.286
MinimumVisualStudioVersion = 10.0.40219.1
Project("{9A19103F-16F7-4668-BE54-9A1E7A4F7556}") = "StudentManager", "StudentManager\StudentManager.csproj", "{A587CC88-F1F2-4F85-9723-C80ECBF26845}"
EndProject
Project("{FAE04EC0-301F-11D3-BF4B-00C04F79EFBC}") = "Models", "Models\Models.csproj", "{D7FD184B-424B-427B-A8DE-1B1A50BA79FA}"
EndProject
Project("{FAE04EC0-301F-11D3-BF4B-00C04F79EFBC}") = "DAL", "DAL\DAL.csproj", "{BF3EE5C4-616E-4C32-A837-4E3472CD2DFC}"
EndProject
Global
	GlobalSection(SolutionConfigurationPlatforms) = preSolution
		Debug|Any CPU = Debug|Any CPU
		Release|Any CPU = Release|Any CPU
	EndGlobalSection
	GlobalSection(ProjectConfigurationPlatforms) = postSolution
		{A587CC88-F1F2-4F85-9723-C80ECBF26845}.Debug|Any CPU.ActiveCfg = Debug|Any CPU
		{A587CC88-F1F2-4F85-9723-C80ECBF26845}.Debug|Any CPU.Build.0 = Debug|Any CPU
		{A587CC88-F1F2-4F85-9723-C80ECBF26845}.Release|Any CPU.ActiveCfg = Release|Any CPU
		{A587CC88-F1F2-4F85-9723-C80ECBF26845}.Release|Any CPU.Build.0 = Release|Any CPU
		{D7FD184B-424B-427B-A8DE-1B1A50BA79FA}.Debug|Any CPU.ActiveCfg = Debug|Any CPU
		{D7FD184B-424B-427B-A8DE-1B1A50BA79FA}.Debug|Any CPU.Build.0 = Debug|Any CPU
		{D7FD184B-424B-427B-A8DE-1B1A50BA79FA}.Release|Any CPU.ActiveCfg = Release|Any CPU
		{D7FD184B-424B-427B-A8DE-1B1A50BA79FA}.Release|Any CPU.Build.0 = Release|Any CPU
		{BF3EE5C4-616E-4C32-A837-4E3472CD2DFC}.Debug|Any CPU.ActiveCfg = Debug|Any CPU
		{BF3EE5C4-616E-4C32-A837-4E3472CD2DFC}.Debug|Any CPU.Build.0 = Debug|Any CPU
		{BF3EE5C4-616E-4C32-A837-4E3472CD2DFC}.Release|Any CPU.ActiveCfg = Release|Any CPU
		{BF3EE5C4-616E-4C32-A837-4E3472CD2DFC}.Release|Any CPU.Build.0 = Release|Any CPU
	EndGlobalSection
	GlobalSection(SolutionProperties) = preSolution
		HideSolutionNode = FALSE
	EndGlobalSection
	GlobalSection(ExtensibilityGlobals) = postSolution
		SolutionGuid = {148EE828-470D-43D2-935A-A15025F5A58C}
	EndGlobalSection
EndGlobal
